
Microsoft Visual Studio Solution File, Format Version 12.00
# Visual Studio Version 17
VisualStudioVersion = 17.8.34525.116
MinimumVisualStudioVersion = 10.0.40219.1
Project("{8BC9CEB8-8B4A-11D0-8D11-00A0C91BC942}") = "Project-UAV", "Project-UAV\Project-UAV.vcxproj", "{2112EFB5-219B-4900-9521-1E6845C7D56C}"
EndProject
Project("{8BC9CEB8-8B4A-11D0-8D11-00A0C91BC942}") = "Regelaar Iwan", "Regelaar Iwan\Regelaar Iwan.vcxproj", "{5AC32400-59FA-45E1-8387-D55E50D9756E}"
EndProject
Project("{8BC9CEB8-8B4A-11D0-8D11-00A0C91BC942}") = "Regelaar Jari", "Regelaar Jari\Regelaar Jari.vcxproj", "{E9236A24-387C-4017-9174-861EBD729648}"
EndProject
Project("{8BC9CEB8-8B4A-11D0-8D11-00A0C91BC942}") = "Regelaar Jelle", "Regelaar Jelle\Regelaar Jelle.vcxproj", "{77D63AF4-0A87-4868-B63F-426E0E4ABF65}"
EndProject
Project("{8BC9CEB8-8B4A-11D0-8D11-00A0C91BC942}") = "Regelaar Bram", "Regelaar Bram\Regelaar Bram.vcxproj", "{8EF63E89-D63F-4F1C-A955-D754CD8AEC05}"
EndProject
Project("{8BC9CEB8-8B4A-11D0-8D11-00A0C91BC942}") = "Regelaar Teun", "Regelaar Teun\Regelaar Teun.vcxproj", "{6E8B5208-84FC-4B7D-84B2-A00483CCC8E0}"
EndProject
Global
	GlobalSection(SolutionConfigurationPlatforms) = preSolution
		Debug|ARM = Debug|ARM
		Debug|ARM64 = Debug|ARM64
		Debug|x64 = Debug|x64
		Debug|x86 = Debug|x86
		Release|ARM = Release|ARM
		Release|ARM64 = Release|ARM64
		Release|x64 = Release|x64
		Release|x86 = Release|x86
	EndGlobalSection
	GlobalSection(ProjectConfigurationPlatforms) = postSolution
		{2112EFB5-219B-4900-9521-1E6845C7D56C}.Debug|ARM.ActiveCfg = Debug|ARM
		{2112EFB5-219B-4900-9521-1E6845C7D56C}.Debug|ARM.Build.0 = Debug|ARM
		{2112EFB5-219B-4900-9521-1E6845C7D56C}.Debug|ARM.Deploy.0 = Debug|ARM
		{2112EFB5-219B-4900-9521-1E6845C7D56C}.Debug|ARM64.ActiveCfg = Debug|ARM64
		{2112EFB5-219B-4900-9521-1E6845C7D56C}.Debug|ARM64.Build.0 = Debug|ARM64
		{2112EFB5-219B-4900-9521-1E6845C7D56C}.Debug|ARM64.Deploy.0 = Debug|ARM64
		{2112EFB5-219B-4900-9521-1E6845C7D56C}.Debug|x64.ActiveCfg = Debug|x64
		{2112EFB5-219B-4900-9521-1E6845C7D56C}.Debug|x64.Build.0 = Debug|x64
		{2112EFB5-219B-4900-9521-1E6845C7D56C}.Debug|x64.Deploy.0 = Debug|x64
		{2112EFB5-219B-4900-9521-1E6845C7D56C}.Debug|x86.ActiveCfg = Debug|x86
		{2112EFB5-219B-4900-9521-1E6845C7D56C}.Debug|x86.Build.0 = Debug|x86
		{2112EFB5-219B-4900-9521-1E6845C7D56C}.Debug|x86.Deploy.0 = Debug|x86
		{2112EFB5-219B-4900-9521-1E6845C7D56C}.Release|ARM.ActiveCfg = Release|ARM
		{2112EFB5-219B-4900-9521-1E6845C7D56C}.Release|ARM.Build.0 = Release|ARM
		{2112EFB5-219B-4900-9521-1E6845C7D56C}.Release|ARM.Deploy.0 = Release|ARM
		{2112EFB5-219B-4900-9521-1E6845C7D56C}.Release|ARM64.ActiveCfg = Release|ARM64
		{2112EFB5-219B-4900-9521-1E6845C7D56C}.Release|ARM64.Build.0 = Release|ARM64
		{2112EFB5-219B-4900-9521-1E6845C7D56C}.Release|ARM64.Deploy.0 = Release|ARM64
		{2112EFB5-219B-4900-9521-1E6845C7D56C}.Release|x64.ActiveCfg = Release|x64
		{2112EFB5-219B-4900-9521-1E6845C7D56C}.Release|x64.Build.0 = Release|x64
		{2112EFB5-219B-4900-9521-1E6845C7D56C}.Release|x64.Deploy.0 = Release|x64
		{2112EFB5-219B-4900-9521-1E6845C7D56C}.Release|x86.ActiveCfg = Release|x86
		{2112EFB5-219B-4900-9521-1E6845C7D56C}.Release|x86.Build.0 = Release|x86
		{2112EFB5-219B-4900-9521-1E6845C7D56C}.Release|x86.Deploy.0 = Release|x86
		{5AC32400-59FA-45E1-8387-D55E50D9756E}.Debug|ARM.ActiveCfg = Debug|ARM
		{5AC32400-59FA-45E1-8387-D55E50D9756E}.Debug|ARM.Build.0 = Debug|ARM
		{5AC32400-59FA-45E1-8387-D55E50D9756E}.Debug|ARM.Deploy.0 = Debug|ARM
		{5AC32400-59FA-45E1-8387-D55E50D9756E}.Debug|ARM64.ActiveCfg = Debug|ARM64
		{5AC32400-59FA-45E1-8387-D55E50D9756E}.Debug|ARM64.Build.0 = Debug|ARM64
		{5AC32400-59FA-45E1-8387-D55E50D9756E}.Debug|ARM64.Deploy.0 = Debug|ARM64
		{5AC32400-59FA-45E1-8387-D55E50D9756E}.Debug|x64.ActiveCfg = Debug|x64
		{5AC32400-59FA-45E1-8387-D55E50D9756E}.Debug|x64.Build.0 = Debug|x64
		{5AC32400-59FA-45E1-8387-D55E50D9756E}.Debug|x64.Deploy.0 = Debug|x64
		{5AC32400-59FA-45E1-8387-D55E50D9756E}.Debug|x86.ActiveCfg = Debug|x86
		{5AC32400-59FA-45E1-8387-D55E50D9756E}.Debug|x86.Build.0 = Debug|x86
		{5AC32400-59FA-45E1-8387-D55E50D9756E}.Debug|x86.Deploy.0 = Debug|x86
		{5AC32400-59FA-45E1-8387-D55E50D9756E}.Release|ARM.ActiveCfg = Release|ARM
		{5AC32400-59FA-45E1-8387-D55E50D9756E}.Release|ARM.Build.0 = Release|ARM
		{5AC32400-59FA-45E1-8387-D55E50D9756E}.Release|ARM.Deploy.0 = Release|ARM
		{5AC32400-59FA-45E1-8387-D55E50D9756E}.Release|ARM64.ActiveCfg = Release|ARM64
		{5AC32400-59FA-45E1-8387-D55E50D9756E}.Release|ARM64.Build.0 = Release|ARM64
		{5AC32400-59FA-45E1-8387-D55E50D9756E}.Release|ARM64.Deploy.0 = Release|ARM64
		{5AC32400-59FA-45E1-8387-D55E50D9756E}.Release|x64.ActiveCfg = Release|x64
		{5AC32400-59FA-45E1-8387-D55E50D9756E}.Release|x64.Build.0 = Release|x64
		{5AC32400-59FA-45E1-8387-D55E50D9756E}.Release|x64.Deploy.0 = Release|x64
		{5AC32400-59FA-45E1-8387-D55E50D9756E}.Release|x86.ActiveCfg = Release|x86
		{5AC32400-59FA-45E1-8387-D55E50D9756E}.Release|x86.Build.0 = Release|x86
		{5AC32400-59FA-45E1-8387-D55E50D9756E}.Release|x86.Deploy.0 = Release|x86
		{E9236A24-387C-4017-9174-861EBD729648}.Debug|ARM.ActiveCfg = Debug|ARM
		{E9236A24-387C-4017-9174-861EBD729648}.Debug|ARM.Build.0 = Debug|ARM
		{E9236A24-387C-4017-9174-861EBD729648}.Debug|ARM.Deploy.0 = Debug|ARM
		{E9236A24-387C-4017-9174-861EBD729648}.Debug|ARM64.ActiveCfg = Debug|ARM64
		{E9236A24-387C-4017-9174-861EBD729648}.Debug|ARM64.Build.0 = Debug|ARM64
		{E9236A24-387C-4017-9174-861EBD729648}.Debug|ARM64.Deploy.0 = Debug|ARM64
		{E9236A24-387C-4017-9174-861EBD729648}.Debug|x64.ActiveCfg = Debug|x64
		{E9236A24-387C-4017-9174-861EBD729648}.Debug|x64.Build.0 = Debug|x64
		{E9236A24-387C-4017-9174-861EBD729648}.Debug|x64.Deploy.0 = Debug|x64
		{E9236A24-387C-4017-9174-861EBD729648}.Debug|x86.ActiveCfg = Debug|x86
		{E9236A24-387C-4017-9174-861EBD729648}.Debug|x86.Build.0 = Debug|x86
		{E9236A24-387C-4017-9174-861EBD729648}.Debug|x86.Deploy.0 = Debug|x86
		{E9236A24-387C-4017-9174-861EBD729648}.Release|ARM.ActiveCfg = Release|ARM
		{E9236A24-387C-4017-9174-861EBD729648}.Release|ARM.Build.0 = Release|ARM
		{E9236A24-387C-4017-9174-861EBD729648}.Release|ARM.Deploy.0 = Release|ARM
		{E9236A24-387C-4017-9174-861EBD729648}.Release|ARM64.ActiveCfg = Release|ARM64
		{E9236A24-387C-4017-9174-861EBD729648}.Release|ARM64.Build.0 = Release|ARM64
		{E9236A24-387C-4017-9174-861EBD729648}.Release|ARM64.Deploy.0 = Release|ARM64
		{E9236A24-387C-4017-9174-861EBD729648}.Release|x64.ActiveCfg = Release|x64
		{E9236A24-387C-4017-9174-861EBD729648}.Release|x64.Build.0 = Release|x64
		{E9236A24-387C-4017-9174-861EBD729648}.Release|x64.Deploy.0 = Release|x64
		{E9236A24-387C-4017-9174-861EBD729648}.Release|x86.ActiveCfg = Release|x86
		{E9236A24-387C-4017-9174-861EBD729648}.Release|x86.Build.0 = Release|x86
		{E9236A24-387C-4017-9174-861EBD729648}.Release|x86.Deploy.0 = Release|x86
		{77D63AF4-0A87-4868-B63F-426E0E4ABF65}.Debug|ARM.ActiveCfg = Debug|ARM
		{77D63AF4-0A87-4868-B63F-426E0E4ABF65}.Debug|ARM.Build.0 = Debug|ARM
		{77D63AF4-0A87-4868-B63F-426E0E4ABF65}.Debug|ARM.Deploy.0 = Debug|ARM
		{77D63AF4-0A87-4868-B63F-426E0E4ABF65}.Debug|ARM64.ActiveCfg = Debug|ARM64
		{77D63AF4-0A87-4868-B63F-426E0E4ABF65}.Debug|ARM64.Build.0 = Debug|ARM64
		{77D63AF4-0A87-4868-B63F-426E0E4ABF65}.Debug|ARM64.Deploy.0 = Debug|ARM64
		{77D63AF4-0A87-4868-B63F-426E0E4ABF65}.Debug|x64.ActiveCfg = Debug|x64
		{77D63AF4-0A87-4868-B63F-426E0E4ABF65}.Debug|x64.Build.0 = Debug|x64
		{77D63AF4-0A87-4868-B63F-426E0E4ABF65}.Debug|x64.Deploy.0 = Debug|x64
		{77D63AF4-0A87-4868-B63F-426E0E4ABF65}.Debug|x86.ActiveCfg = Debug|x86
		{77D63AF4-0A87-4868-B63F-426E0E4ABF65}.Debug|x86.Build.0 = Debug|x86
		{77D63AF4-0A87-4868-B63F-426E0E4ABF65}.Debug|x86.Deploy.0 = Debug|x86
		{77D63AF4-0A87-4868-B63F-426E0E4ABF65}.Release|ARM.ActiveCfg = Release|ARM
		{77D63AF4-0A87-4868-B63F-426E0E4ABF65}.Release|ARM.Build.0 = Release|ARM
		{77D63AF4-0A87-4868-B63F-426E0E4ABF65}.Release|ARM.Deploy.0 = Release|ARM
		{77D63AF4-0A87-4868-B63F-426E0E4ABF65}.Release|ARM64.ActiveCfg = Release|ARM64
		{77D63AF4-0A87-4868-B63F-426E0E4ABF65}.Release|ARM64.Build.0 = Release|ARM64
		{77D63AF4-0A87-4868-B63F-426E0E4ABF65}.Release|ARM64.Deploy.0 = Release|ARM64
		{77D63AF4-0A87-4868-B63F-426E0E4ABF65}.Release|x64.ActiveCfg = Release|x64
		{77D63AF4-0A87-4868-B63F-426E0E4ABF65}.Release|x64.Build.0 = Release|x64
		{77D63AF4-0A87-4868-B63F-426E0E4ABF65}.Release|x64.Deploy.0 = Release|x64
		{77D63AF4-0A87-4868-B63F-426E0E4ABF65}.Release|x86.ActiveCfg = Release|x86
		{77D63AF4-0A87-4868-B63F-426E0E4ABF65}.Release|x86.Build.0 = Release|x86
		{77D63AF4-0A87-4868-B63F-426E0E4ABF65}.Release|x86.Deploy.0 = Release|x86
		{8EF63E89-D63F-4F1C-A955-D754CD8AEC05}.Debug|ARM.ActiveCfg = Debug|ARM
		{8EF63E89-D63F-4F1C-A955-D754CD8AEC05}.Debug|ARM.Build.0 = Debug|ARM
		{8EF63E89-D63F-4F1C-A955-D754CD8AEC05}.Debug|ARM.Deploy.0 = Debug|ARM
		{8EF63E89-D63F-4F1C-A955-D754CD8AEC05}.Debug|ARM64.ActiveCfg = Debug|ARM64
		{8EF63E89-D63F-4F1C-A955-D754CD8AEC05}.Debug|ARM64.Build.0 = Debug|ARM64
		{8EF63E89-D63F-4F1C-A955-D754CD8AEC05}.Debug|ARM64.Deploy.0 = Debug|ARM64
		{8EF63E89-D63F-4F1C-A955-D754CD8AEC05}.Debug|x64.ActiveCfg = Debug|x64
		{8EF63E89-D63F-4F1C-A955-D754CD8AEC05}.Debug|x64.Build.0 = Debug|x64
		{8EF63E89-D63F-4F1C-A955-D754CD8AEC05}.Debug|x64.Deploy.0 = Debug|x64
		{8EF63E89-D63F-4F1C-A955-D754CD8AEC05}.Debug|x86.ActiveCfg = Debug|x86
		{8EF63E89-D63F-4F1C-A955-D754CD8AEC05}.Debug|x86.Build.0 = Debug|x86
		{8EF63E89-D63F-4F1C-A955-D754CD8AEC05}.Debug|x86.Deploy.0 = Debug|x86
		{8EF63E89-D63F-4F1C-A955-D754CD8AEC05}.Release|ARM.ActiveCfg = Release|ARM
		{8EF63E89-D63F-4F1C-A955-D754CD8AEC05}.Release|ARM.Build.0 = Release|ARM
		{8EF63E89-D63F-4F1C-A955-D754CD8AEC05}.Release|ARM.Deploy.0 = Release|ARM
		{8EF63E89-D63F-4F1C-A955-D754CD8AEC05}.Release|ARM64.ActiveCfg = Release|ARM64
		{8EF63E89-D63F-4F1C-A955-D754CD8AEC05}.Release|ARM64.Build.0 = Release|ARM64
		{8EF63E89-D63F-4F1C-A955-D754CD8AEC05}.Release|ARM64.Deploy.0 = Release|ARM64
		{8EF63E89-D63F-4F1C-A955-D754CD8AEC05}.Release|x64.ActiveCfg = Release|x64
		{8EF63E89-D63F-4F1C-A955-D754CD8AEC05}.Release|x64.Build.0 = Release|x64
		{8EF63E89-D63F-4F1C-A955-D754CD8AEC05}.Release|x64.Deploy.0 = Release|x64
		{8EF63E89-D63F-4F1C-A955-D754CD8AEC05}.Release|x86.ActiveCfg = Release|x86
		{8EF63E89-D63F-4F1C-A955-D754CD8AEC05}.Release|x86.Build.0 = Release|x86
		{8EF63E89-D63F-4F1C-A955-D754CD8AEC05}.Release|x86.Deploy.0 = Release|x86
		{6E8B5208-84FC-4B7D-84B2-A00483CCC8E0}.Debug|ARM.ActiveCfg = Debug|ARM
		{6E8B5208-84FC-4B7D-84B2-A00483CCC8E0}.Debug|ARM.Build.0 = Debug|ARM
		{6E8B5208-84FC-4B7D-84B2-A00483CCC8E0}.Debug|ARM.Deploy.0 = Debug|ARM
		{6E8B5208-84FC-4B7D-84B2-A00483CCC8E0}.Debug|ARM64.ActiveCfg = Debug|ARM64
		{6E8B5208-84FC-4B7D-84B2-A00483CCC8E0}.Debug|ARM64.Build.0 = Debug|ARM64
		{6E8B5208-84FC-4B7D-84B2-A00483CCC8E0}.Debug|ARM64.Deploy.0 = Debug|ARM64
		{6E8B5208-84FC-4B7D-84B2-A00483CCC8E0}.Debug|x64.ActiveCfg = Debug|x64
		{6E8B5208-84FC-4B7D-84B2-A00483CCC8E0}.Debug|x64.Build.0 = Debug|x64
		{6E8B5208-84FC-4B7D-84B2-A00483CCC8E0}.Debug|x64.Deploy.0 = Debug|x64
		{6E8B5208-84FC-4B7D-84B2-A00483CCC8E0}.Debug|x86.ActiveCfg = Debug|x86
		{6E8B5208-84FC-4B7D-84B2-A00483CCC8E0}.Debug|x86.Build.0 = Debug|x86
		{6E8B5208-84FC-4B7D-84B2-A00483CCC8E0}.Debug|x86.Deploy.0 = Debug|x86
		{6E8B5208-84FC-4B7D-84B2-A00483CCC8E0}.Release|ARM.ActiveCfg = Release|ARM
		{6E8B5208-84FC-4B7D-84B2-A00483CCC8E0}.Release|ARM.Build.0 = Release|ARM
		{6E8B5208-84FC-4B7D-84B2-A00483CCC8E0}.Release|ARM.Deploy.0 = Release|ARM
		{6E8B5208-84FC-4B7D-84B2-A00483CCC8E0}.Release|ARM64.ActiveCfg = Release|ARM64
		{6E8B5208-84FC-4B7D-84B2-A00483CCC8E0}.Release|ARM64.Build.0 = Release|ARM64
		{6E8B5208-84FC-4B7D-84B2-A00483CCC8E0}.Release|ARM64.Deploy.0 = Release|ARM64
		{6E8B5208-84FC-4B7D-84B2-A00483CCC8E0}.Release|x64.ActiveCfg = Release|x64
		{6E8B5208-84FC-4B7D-84B2-A00483CCC8E0}.Release|x64.Build.0 = Release|x64
		{6E8B5208-84FC-4B7D-84B2-A00483CCC8E0}.Release|x64.Deploy.0 = Release|x64
		{6E8B5208-84FC-4B7D-84B2-A00483CCC8E0}.Release|x86.ActiveCfg = Release|x86
		{6E8B5208-84FC-4B7D-84B2-A00483CCC8E0}.Release|x86.Build.0 = Release|x86
		{6E8B5208-84FC-4B7D-84B2-A00483CCC8E0}.Release|x86.Deploy.0 = Release|x86
	EndGlobalSection
	GlobalSection(SolutionProperties) = preSolution
		HideSolutionNode = FALSE
	EndGlobalSection
	GlobalSection(ExtensibilityGlobals) = postSolution
		SolutionGuid = {6B13E64E-8809-4F78-AF0E-AA0D194DDE43}
	EndGlobalSection
EndGlobal
